
Microsoft Visual Studio Solution File, Format Version 12.00
# Visual Studio Version 16
VisualStudioVersion = 16.0.30804.86
MinimumVisualStudioVersion = 10.0.40219.1
Project("{FAE04EC0-301F-11D3-BF4B-00C04F79EFBC}") = "MA.CustomFacets", "MA.CustomFacets\MA.CustomFacets.csproj", "{FEC67DD4-1918-483D-A8A9-DA1F439EF001}"
EndProject
Global
	GlobalSection(SolutionConfigurationPlatforms) = preSolution
		Debug|Any CPU = Debug|Any CPU
		Release|Any CPU = Release|Any CPU
	EndGlobalSection
	GlobalSection(ProjectConfigurationPlatforms) = postSolution
		{FEC67DD4-1918-483D-A8A9-DA1F439EF001}.Debug|Any CPU.ActiveCfg = Debug|Any CPU
		{FEC67DD4-1918-483D-A8A9-DA1F439EF001}.Debug|Any CPU.Build.0 = Debug|Any CPU
		{FEC67DD4-1918-483D-A8A9-DA1F439EF001}.Release|Any CPU.ActiveCfg = Release|Any CPU
		{FEC67DD4-1918-483D-A8A9-DA1F439EF001}.Release|Any CPU.Build.0 = Release|Any CPU
	EndGlobalSection
	GlobalSection(SolutionProperties) = preSolution
		HideSolutionNode = FALSE
	EndGlobalSection
	GlobalSection(ExtensibilityGlobals) = postSolution
		SolutionGuid = {81FCA319-F943-40A3-A195-798DE34B747C}
	EndGlobalSection
EndGlobal
